
Microsoft Visual Studio Solution File, Format Version 12.00
# Visual Studio Version 17
VisualStudioVersion = 17.3.32929.385
MinimumVisualStudioVersion = 10.0.40219.1
Project("{FAE04EC0-301F-11D3-BF4B-00C04F79EFBC}") = "App.DAL", "App.DAL\App.DAL.csproj", "{90435AAC-EF8A-4719-BD4F-5B83AD6EA801}"
EndProject
Project("{FAE04EC0-301F-11D3-BF4B-00C04F79EFBC}") = "App.Core", "App.Core\App.Core.csproj", "{36E54060-889E-4FF2-A4F6-2639B952045A}"
EndProject
Project("{FAE04EC0-301F-11D3-BF4B-00C04F79EFBC}") = "App.Business", "App.Business\App.Business.csproj", "{3E9FF3BC-D763-485A-9710-440CD210BC1A}"
EndProject
Project("{FAE04EC0-301F-11D3-BF4B-00C04F79EFBC}") = "App.Mvc", "App.Mvc\App.Mvc.csproj", "{175E4E04-8C12-4D05-9BB4-57BF73C29481}"
EndProject
Global
	GlobalSection(SolutionConfigurationPlatforms) = preSolution
		Debug|Any CPU = Debug|Any CPU
		Release|Any CPU = Release|Any CPU
	EndGlobalSection
	GlobalSection(ProjectConfigurationPlatforms) = postSolution
		{90435AAC-EF8A-4719-BD4F-5B83AD6EA801}.Debug|Any CPU.ActiveCfg = Debug|Any CPU
		{90435AAC-EF8A-4719-BD4F-5B83AD6EA801}.Debug|Any CPU.Build.0 = Debug|Any CPU
		{90435AAC-EF8A-4719-BD4F-5B83AD6EA801}.Release|Any CPU.ActiveCfg = Release|Any CPU
		{90435AAC-EF8A-4719-BD4F-5B83AD6EA801}.Release|Any CPU.Build.0 = Release|Any CPU
		{36E54060-889E-4FF2-A4F6-2639B952045A}.Debug|Any CPU.ActiveCfg = Debug|Any CPU
		{36E54060-889E-4FF2-A4F6-2639B952045A}.Debug|Any CPU.Build.0 = Debug|Any CPU
		{36E54060-889E-4FF2-A4F6-2639B952045A}.Release|Any CPU.ActiveCfg = Release|Any CPU
		{36E54060-889E-4FF2-A4F6-2639B952045A}.Release|Any CPU.Build.0 = Release|Any CPU
		{3E9FF3BC-D763-485A-9710-440CD210BC1A}.Debug|Any CPU.ActiveCfg = Debug|Any CPU
		{3E9FF3BC-D763-485A-9710-440CD210BC1A}.Debug|Any CPU.Build.0 = Debug|Any CPU
		{3E9FF3BC-D763-485A-9710-440CD210BC1A}.Release|Any CPU.ActiveCfg = Release|Any CPU
		{3E9FF3BC-D763-485A-9710-440CD210BC1A}.Release|Any CPU.Build.0 = Release|Any CPU
		{175E4E04-8C12-4D05-9BB4-57BF73C29481}.Debug|Any CPU.ActiveCfg = Debug|Any CPU
		{175E4E04-8C12-4D05-9BB4-57BF73C29481}.Debug|Any CPU.Build.0 = Debug|Any CPU
		{175E4E04-8C12-4D05-9BB4-57BF73C29481}.Release|Any CPU.ActiveCfg = Release|Any CPU
		{175E4E04-8C12-4D05-9BB4-57BF73C29481}.Release|Any CPU.Build.0 = Release|Any CPU
	EndGlobalSection
	GlobalSection(SolutionProperties) = preSolution
		HideSolutionNode = FALSE
	EndGlobalSection
	GlobalSection(ExtensibilityGlobals) = postSolution
		SolutionGuid = {B9A84FA5-2428-459F-BC79-FF7E8B35A9DA}
	EndGlobalSection
EndGlobal
